
Microsoft Visual Studio Solution File, Format Version 12.00
# Visual Studio Version 16
VisualStudioVersion = 16.0.30011.22
MinimumVisualStudioVersion = 10.0.40219.1
Project("{FAE04EC0-301F-11D3-BF4B-00C04F79EFBC}") = "CNESST.ZU.AppDemo", "CNESST.ZU.AppDemo\CNESST.ZU.AppDemo.csproj", "{5DED1E3B-B233-4D91-A8A8-47F6B20771B3}"
EndProject
Global
	GlobalSection(SolutionConfigurationPlatforms) = preSolution
		Debug|Any CPU = Debug|Any CPU
		Release|Any CPU = Release|Any CPU
	EndGlobalSection
	GlobalSection(ProjectConfigurationPlatforms) = postSolution
		{5DED1E3B-B233-4D91-A8A8-47F6B20771B3}.Debug|Any CPU.ActiveCfg = Debug|Any CPU
		{5DED1E3B-B233-4D91-A8A8-47F6B20771B3}.Debug|Any CPU.Build.0 = Debug|Any CPU
		{5DED1E3B-B233-4D91-A8A8-47F6B20771B3}.Release|Any CPU.ActiveCfg = Release|Any CPU
		{5DED1E3B-B233-4D91-A8A8-47F6B20771B3}.Release|Any CPU.Build.0 = Release|Any CPU
	EndGlobalSection
	GlobalSection(SolutionProperties) = preSolution
		HideSolutionNode = FALSE
	EndGlobalSection
	GlobalSection(ExtensibilityGlobals) = postSolution
		SolutionGuid = {136FC99F-078E-4559-95E4-EDF2CDA73BE2}
	EndGlobalSection
EndGlobal
